
Microsoft Visual Studio Solution File, Format Version 12.00
# Visual Studio Version 16
VisualStudioVersion = 16.0.30717.126
MinimumVisualStudioVersion = 10.0.40219.1
Project("{9A19103F-16F7-4668-BE54-9A1E7A4F7556}") = "279", "279.csproj", "{5EDC5EC7-E98D-4D40-8012-A6B8422886BD}"
EndProject
Global
	GlobalSection(SolutionConfigurationPlatforms) = preSolution
		Debug|Any CPU = Debug|Any CPU
		Release|Any CPU = Release|Any CPU
	EndGlobalSection
	GlobalSection(ProjectConfigurationPlatforms) = postSolution
		{5EDC5EC7-E98D-4D40-8012-A6B8422886BD}.Debug|Any CPU.ActiveCfg = Debug|Any CPU
		{5EDC5EC7-E98D-4D40-8012-A6B8422886BD}.Debug|Any CPU.Build.0 = Debug|Any CPU
		{5EDC5EC7-E98D-4D40-8012-A6B8422886BD}.Release|Any CPU.ActiveCfg = Release|Any CPU
		{5EDC5EC7-E98D-4D40-8012-A6B8422886BD}.Release|Any CPU.Build.0 = Release|Any CPU
	EndGlobalSection
	GlobalSection(SolutionProperties) = preSolution
		HideSolutionNode = FALSE
	EndGlobalSection
	GlobalSection(ExtensibilityGlobals) = postSolution
		SolutionGuid = {6A2995C4-0598-426A-98C1-89B0DAFF6434}
	EndGlobalSection
EndGlobal
