
Microsoft Visual Studio Solution File, Format Version 12.00
# Visual Studio Version 16
VisualStudioVersion = 16.0.30621.155
MinimumVisualStudioVersion = 10.0.40219.1
Project("{FAE04EC0-301F-11D3-BF4B-00C04F79EFBC}") = "DesignView", "DesignView.csproj", "{3293B43C-2E1B-40CE-AC5E-EDD8B81BA3D3}"
EndProject
Global
	GlobalSection(SolutionConfigurationPlatforms) = preSolution
		Debug|Any CPU = Debug|Any CPU
		Release|Any CPU = Release|Any CPU
	EndGlobalSection
	GlobalSection(ProjectConfigurationPlatforms) = postSolution
		{3293B43C-2E1B-40CE-AC5E-EDD8B81BA3D3}.Debug|Any CPU.ActiveCfg = Debug|Any CPU
		{3293B43C-2E1B-40CE-AC5E-EDD8B81BA3D3}.Debug|Any CPU.Build.0 = Debug|Any CPU
		{3293B43C-2E1B-40CE-AC5E-EDD8B81BA3D3}.Release|Any CPU.ActiveCfg = Release|Any CPU
		{3293B43C-2E1B-40CE-AC5E-EDD8B81BA3D3}.Release|Any CPU.Build.0 = Release|Any CPU
	EndGlobalSection
	GlobalSection(SolutionProperties) = preSolution
		HideSolutionNode = FALSE
	EndGlobalSection
	GlobalSection(ExtensibilityGlobals) = postSolution
		SolutionGuid = {7B43621A-DF79-473A-ACDA-F3F78CFA7AA9}
	EndGlobalSection
EndGlobal
